
Microsoft Visual Studio Solution File, Format Version 11.00
# Visual Studio 2010
Project("{FAE04EC0-301F-11D3-BF4B-00C04F79EFBC}") = "Zombie-Out-Zone", "Assembly-CSharp.csproj", "{34230F98-516B-9AF7-C47E-D8F7A333FE9F}"
EndProject
Global
	GlobalSection(SolutionConfigurationPlatforms) = preSolution
		Debug|Any CPU = Debug|Any CPU
		Release|Any CPU = Release|Any CPU
	EndGlobalSection
	GlobalSection(ProjectConfigurationPlatforms) = postSolution
		{34230F98-516B-9AF7-C47E-D8F7A333FE9F}.Debug|Any CPU.ActiveCfg = Debug|Any CPU
		{34230F98-516B-9AF7-C47E-D8F7A333FE9F}.Debug|Any CPU.Build.0 = Debug|Any CPU
		{34230F98-516B-9AF7-C47E-D8F7A333FE9F}.Release|Any CPU.ActiveCfg = Release|Any CPU
		{34230F98-516B-9AF7-C47E-D8F7A333FE9F}.Release|Any CPU.Build.0 = Release|Any CPU
	EndGlobalSection
	GlobalSection(SolutionProperties) = preSolution
		HideSolutionNode = FALSE
	EndGlobalSection
	GlobalSection(MonoDevelopProperties) = preSolution
		StartupItem = Assembly-CSharp.csproj
	EndGlobalSection
EndGlobal
