
Microsoft Visual Studio Solution File, Format Version 12.00
# Visual Studio 2017
Project("{FAE04EC0-301F-11D3-BF4B-00C04F79EFBC}") = "Zombie-Out-Zone", "Zombie-Out-Zone.csproj", "{8431C919-262F-AC31-A00D-B93AAAC8C4E0}"
EndProject
Global
	GlobalSection(SolutionConfigurationPlatforms) = preSolution
		Debug|Any CPU = Debug|Any CPU
		Release|Any CPU = Release|Any CPU
	EndGlobalSection
	GlobalSection(ProjectConfigurationPlatforms) = postSolution
		{8431C919-262F-AC31-A00D-B93AAAC8C4E0}.Debug|Any CPU.ActiveCfg = Debug|Any CPU
		{8431C919-262F-AC31-A00D-B93AAAC8C4E0}.Debug|Any CPU.Build.0 = Debug|Any CPU
		{8431C919-262F-AC31-A00D-B93AAAC8C4E0}.Release|Any CPU.ActiveCfg = Release|Any CPU
		{8431C919-262F-AC31-A00D-B93AAAC8C4E0}.Release|Any CPU.Build.0 = Release|Any CPU
	EndGlobalSection
	GlobalSection(SolutionProperties) = preSolution
		HideSolutionNode = FALSE
	EndGlobalSection
EndGlobal
